// !$*UTF8*$!
{
	archiveVersion = 1;
	classes = {
	};
	objectVersion = 46;
	objects = {

/* Begin PBXBuildFile section */
		190CD97C1CB3D97C002AE016 /* main.m in Sources */ = {isa = PBXBuildFile; fileRef = 190CD97B1CB3D97C002AE016 /* main.m */; };
		190CD97F1CB3D97C002AE016 /* AppDelegate.m in Sources */ = {isa = PBXBuildFile; fileRef = 190CD97E1CB3D97C002AE016 /* AppDelegate.m */; };
		190CD9821CB3D97C002AE016 /* ViewController.m in Sources */ = {isa = PBXBuildFile; fileRef = 190CD9811CB3D97C002AE016 /* ViewController.m */; };
		190CD9851CB3D97C002AE016 /* Main.storyboard in Resources */ = {isa = PBXBuildFile; fileRef = 190CD9831CB3D97C002AE016 /* Main.storyboard */; };
		190CD9871CB3D97C002AE016 /* Assets.xcassets in Resources */ = {isa = PBXBuildFile; fileRef = 190CD9861CB3D97C002AE016 /* Assets.xcassets */; };
		190CD98A1CB3D97C002AE016 /* LaunchScreen.storyboard in Resources */ = {isa = PBXBuildFile; fileRef = 190CD9881CB3D97C002AE016 /* LaunchScreen.storyboard */; };
		190CD9951CB3D97C002AE016 /* DemoTests.m in Sources */ = {isa = PBXBuildFile; fileRef = 190CD9941CB3D97C002AE016 /* DemoTests.m */; };
		190CD9A01CB3D97D002AE016 /* DemoUITests.m in Sources */ = {isa = PBXBuildFile; fileRef = 190CD99F1CB3D97D002AE016 /* DemoUITests.m */; };
		195F6D991CB4F3DD00B76C9F /* TestDataResponseInfo.m in Sources */ = {isa = PBXBuildFile; fileRef = 195F6D981CB4F3DD00B76C9F /* TestDataResponseInfo.m */; };
		195F6D9C1CB4FA1400B76C9F /* TestModelRequest.m in Sources */ = {isa = PBXBuildFile; fileRef = 195F6D9B1CB4FA1400B76C9F /* TestModelRequest.m */; };
		195F6D9F1CB4FBA400B76C9F /* MobileModelRequest.m in Sources */ = {isa = PBXBuildFile; fileRef = 195F6D9E1CB4FBA400B76C9F /* MobileModelRequest.m */; };
		195F6DA21CB510A100B76C9F /* MobileModel.m in Sources */ = {isa = PBXBuildFile; fileRef = 195F6DA11CB510A100B76C9F /* MobileModel.m */; };
		195F6DA51CB5113E00B76C9F /* TestRequestManager.m in Sources */ = {isa = PBXBuildFile; fileRef = 195F6DA41CB5113E00B76C9F /* TestRequestManager.m */; };
		A8EBE7E91CC3C3F900193106 /* YAHActiveObject.m in Sources */ = {isa = PBXBuildFile; fileRef = A8EBE7D91CC3C3F900193106 /* YAHActiveObject.m */; settings = {ASSET_TAGS = (); }; };
		A8EBE7EA1CC3C3F900193106 /* YAHDataResponseInfo.m in Sources */ = {isa = PBXBuildFile; fileRef = A8EBE7DB1CC3C3F900193106 /* YAHDataResponseInfo.m */; settings = {ASSET_TAGS = (); }; };
		A8EBE7EB1CC3C3F900193106 /* YAHJSONAdapter.m in Sources */ = {isa = PBXBuildFile; fileRef = A8EBE7DD1CC3C3F900193106 /* YAHJSONAdapter.m */; settings = {ASSET_TAGS = (); }; };
		A8EBE7EC1CC3C3F900193106 /* YAHModel.m in Sources */ = {isa = PBXBuildFile; fileRef = A8EBE7DF1CC3C3F900193106 /* YAHModel.m */; settings = {ASSET_TAGS = (); }; };
		A8EBE7ED1CC3C3F900193106 /* YAHModelRequest.m in Sources */ = {isa = PBXBuildFile; fileRef = A8EBE7E21CC3C3F900193106 /* YAHModelRequest.m */; settings = {ASSET_TAGS = (); }; };
		A8EBE7EE1CC3C3F900193106 /* YAHNetworkActivityIndicatorManager.m in Sources */ = {isa = PBXBuildFile; fileRef = A8EBE7E41CC3C3F900193106 /* YAHNetworkActivityIndicatorManager.m */; settings = {ASSET_TAGS = (); }; };
		A8EBE7EF1CC3C3F900193106 /* YAHRequestManager.m in Sources */ = {isa = PBXBuildFile; fileRef = A8EBE7E61CC3C3F900193106 /* YAHRequestManager.m */; settings = {ASSET_TAGS = (); }; };
		A8EBE7F01CC3C3F900193106 /* YAHURLRequestSerialization.m in Sources */ = {isa = PBXBuildFile; fileRef = A8EBE7E81CC3C3F900193106 /* YAHURLRequestSerialization.m */; settings = {ASSET_TAGS = (); }; };
/* End PBXBuildFile section */

/* Begin PBXContainerItemProxy section */
		190CD9911CB3D97C002AE016 /* PBXContainerItemProxy */ = {
			isa = PBXContainerItemProxy;
			containerPortal = 190CD96F1CB3D97C002AE016 /* Project object */;
			proxyType = 1;
			remoteGlobalIDString = 190CD9761CB3D97C002AE016;
			remoteInfo = Demo;
		};
		190CD99C1CB3D97C002AE016 /* PBXContainerItemProxy */ = {
			isa = PBXContainerItemProxy;
			containerPortal = 190CD96F1CB3D97C002AE016 /* Project object */;
			proxyType = 1;
			remoteGlobalIDString = 190CD9761CB3D97C002AE016;
			remoteInfo = Demo;
		};
/* End PBXContainerItemProxy section */

/* Begin PBXFileReference section */
		190CD9771CB3D97C002AE016 /* Demo.app */ = {isa = PBXFileReference; explicitFileType = wrapper.application; includeInIndex = 0; path = Demo.app; sourceTree = BUILT_PRODUCTS_DIR; };
		190CD97B1CB3D97C002AE016 /* main.m */ = {isa = PBXFileReference; lastKnownFileType = sourcecode.c.objc; path = main.m; sourceTree = "<group>"; };
		190CD97D1CB3D97C002AE016 /* AppDelegate.h */ = {isa = PBXFileReference; lastKnownFileType = sourcecode.c.h; path = AppDelegate.h; sourceTree = "<group>"; };
		190CD97E1CB3D97C002AE016 /* AppDelegate.m */ = {isa = PBXFileReference; lastKnownFileType = sourcecode.c.objc; path = AppDelegate.m; sourceTree = "<group>"; };
		190CD9801CB3D97C002AE016 /* ViewController.h */ = {isa = PBXFileReference; lastKnownFileType = sourcecode.c.h; path = ViewController.h; sourceTree = "<group>"; };
		190CD9811CB3D97C002AE016 /* ViewController.m */ = {isa = PBXFileReference; lastKnownFileType = sourcecode.c.objc; path = ViewController.m; sourceTree = "<group>"; };
		190CD9841CB3D97C002AE016 /* Base */ = {isa = PBXFileReference; lastKnownFileType = file.storyboard; name = Base; path = Base.lproj/Main.storyboard; sourceTree = "<group>"; };
		190CD9861CB3D97C002AE016 /* Assets.xcassets */ = {isa = PBXFileReference; lastKnownFileType = folder.assetcatalog; path = Assets.xcassets; sourceTree = "<group>"; };
		190CD9891CB3D97C002AE016 /* Base */ = {isa = PBXFileReference; lastKnownFileType = file.storyboard; name = Base; path = Base.lproj/LaunchScreen.storyboard; sourceTree = "<group>"; };
		190CD98B1CB3D97C002AE016 /* Info.plist */ = {isa = PBXFileReference; lastKnownFileType = text.plist.xml; path = Info.plist; sourceTree = "<group>"; };
		190CD9901CB3D97C002AE016 /* DemoTests.xctest */ = {isa = PBXFileReference; explicitFileType = wrapper.cfbundle; includeInIndex = 0; path = DemoTests.xctest; sourceTree = BUILT_PRODUCTS_DIR; };
		190CD9941CB3D97C002AE016 /* DemoTests.m */ = {isa = PBXFileReference; lastKnownFileType = sourcecode.c.objc; path = DemoTests.m; sourceTree = "<group>"; };
		190CD9961CB3D97C002AE016 /* Info.plist */ = {isa = PBXFileReference; lastKnownFileType = text.plist.xml; path = Info.plist; sourceTree = "<group>"; };
		190CD99B1CB3D97C002AE016 /* DemoUITests.xctest */ = {isa = PBXFileReference; explicitFileType = wrapper.cfbundle; includeInIndex = 0; path = DemoUITests.xctest; sourceTree = BUILT_PRODUCTS_DIR; };
		190CD99F1CB3D97D002AE016 /* DemoUITests.m */ = {isa = PBXFileReference; lastKnownFileType = sourcecode.c.objc; path = DemoUITests.m; sourceTree = "<group>"; };
		190CD9A11CB3D97D002AE016 /* Info.plist */ = {isa = PBXFileReference; lastKnownFileType = text.plist.xml; path = Info.plist; sourceTree = "<group>"; };
		195F6D971CB4F3DD00B76C9F /* TestDataResponseInfo.h */ = {isa = PBXFileReference; fileEncoding = 4; lastKnownFileType = sourcecode.c.h; path = TestDataResponseInfo.h; sourceTree = "<group>"; };
		195F6D981CB4F3DD00B76C9F /* TestDataResponseInfo.m */ = {isa = PBXFileReference; fileEncoding = 4; lastKnownFileType = sourcecode.c.objc; path = TestDataResponseInfo.m; sourceTree = "<group>"; };
		195F6D9A1CB4FA1400B76C9F /* TestModelRequest.h */ = {isa = PBXFileReference; fileEncoding = 4; lastKnownFileType = sourcecode.c.h; path = TestModelRequest.h; sourceTree = "<group>"; };
		195F6D9B1CB4FA1400B76C9F /* TestModelRequest.m */ = {isa = PBXFileReference; fileEncoding = 4; lastKnownFileType = sourcecode.c.objc; path = TestModelRequest.m; sourceTree = "<group>"; };
		195F6D9D1CB4FBA400B76C9F /* MobileModelRequest.h */ = {isa = PBXFileReference; fileEncoding = 4; lastKnownFileType = sourcecode.c.h; path = MobileModelRequest.h; sourceTree = "<group>"; };
		195F6D9E1CB4FBA400B76C9F /* MobileModelRequest.m */ = {isa = PBXFileReference; fileEncoding = 4; lastKnownFileType = sourcecode.c.objc; path = MobileModelRequest.m; sourceTree = "<group>"; };
		195F6DA01CB510A100B76C9F /* MobileModel.h */ = {isa = PBXFileReference; fileEncoding = 4; lastKnownFileType = sourcecode.c.h; path = MobileModel.h; sourceTree = "<group>"; };
		195F6DA11CB510A100B76C9F /* MobileModel.m */ = {isa = PBXFileReference; fileEncoding = 4; lastKnownFileType = sourcecode.c.objc; path = MobileModel.m; sourceTree = "<group>"; };
		195F6DA31CB5113E00B76C9F /* TestRequestManager.h */ = {isa = PBXFileReference; fileEncoding = 4; lastKnownFileType = sourcecode.c.h; path = TestRequestManager.h; sourceTree = "<group>"; };
		195F6DA41CB5113E00B76C9F /* TestRequestManager.m */ = {isa = PBXFileReference; fileEncoding = 4; lastKnownFileType = sourcecode.c.objc; path = TestRequestManager.m; sourceTree = "<group>"; };
		A8EBE7D81CC3C3F900193106 /* YAHActiveObject.h */ = {isa = PBXFileReference; fileEncoding = 4; lastKnownFileType = sourcecode.c.h; path = YAHActiveObject.h; sourceTree = "<group>"; };
		A8EBE7D91CC3C3F900193106 /* YAHActiveObject.m */ = {isa = PBXFileReference; fileEncoding = 4; lastKnownFileType = sourcecode.c.objc; path = YAHActiveObject.m; sourceTree = "<group>"; };
		A8EBE7DA1CC3C3F900193106 /* YAHDataResponseInfo.h */ = {isa = PBXFileReference; fileEncoding = 4; lastKnownFileType = sourcecode.c.h; path = YAHDataResponseInfo.h; sourceTree = "<group>"; };
		A8EBE7DB1CC3C3F900193106 /* YAHDataResponseInfo.m */ = {isa = PBXFileReference; fileEncoding = 4; lastKnownFileType = sourcecode.c.objc; path = YAHDataResponseInfo.m; sourceTree = "<group>"; };
		A8EBE7DC1CC3C3F900193106 /* YAHJSONAdapter.h */ = {isa = PBXFileReference; fileEncoding = 4; lastKnownFileType = sourcecode.c.h; path = YAHJSONAdapter.h; sourceTree = "<group>"; };
		A8EBE7DD1CC3C3F900193106 /* YAHJSONAdapter.m */ = {isa = PBXFileReference; fileEncoding = 4; lastKnownFileType = sourcecode.c.objc; path = YAHJSONAdapter.m; sourceTree = "<group>"; };
		A8EBE7DE1CC3C3F900193106 /* YAHModel.h */ = {isa = PBXFileReference; fileEncoding = 4; lastKnownFileType = sourcecode.c.h; path = YAHModel.h; sourceTree = "<group>"; };
		A8EBE7DF1CC3C3F900193106 /* YAHModel.m */ = {isa = PBXFileReference; fileEncoding = 4; lastKnownFileType = sourcecode.c.objc; path = YAHModel.m; sourceTree = "<group>"; };
		A8EBE7E01CC3C3F900193106 /* YAHModelDefine.h */ = {isa = PBXFileReference; fileEncoding = 4; lastKnownFileType = sourcecode.c.h; path = YAHModelDefine.h; sourceTree = "<group>"; };
		A8EBE7E11CC3C3F900193106 /* YAHModelRequest.h */ = {isa = PBXFileReference; fileEncoding = 4; lastKnownFileType = sourcecode.c.h; path = YAHModelRequest.h; sourceTree = "<group>"; };
		A8EBE7E21CC3C3F900193106 /* YAHModelRequest.m */ = {isa = PBXFileReference; fileEncoding = 4; lastKnownFileType = sourcecode.c.objc; path = YAHModelRequest.m; sourceTree = "<group>"; };
		A8EBE7E31CC3C3F900193106 /* YAHNetworkActivityIndicatorManager.h */ = {isa = PBXFileReference; fileEncoding = 4; lastKnownFileType = sourcecode.c.h; path = YAHNetworkActivityIndicatorManager.h; sourceTree = "<group>"; };
		A8EBE7E41CC3C3F900193106 /* YAHNetworkActivityIndicatorManager.m */ = {isa = PBXFileReference; fileEncoding = 4; lastKnownFileType = sourcecode.c.objc; path = YAHNetworkActivityIndicatorManager.m; sourceTree = "<group>"; };
		A8EBE7E51CC3C3F900193106 /* YAHRequestManager.h */ = {isa = PBXFileReference; fileEncoding = 4; lastKnownFileType = sourcecode.c.h; path = YAHRequestManager.h; sourceTree = "<group>"; };
		A8EBE7E61CC3C3F900193106 /* YAHRequestManager.m */ = {isa = PBXFileReference; fileEncoding = 4; lastKnownFileType = sourcecode.c.objc; path = YAHRequestManager.m; sourceTree = "<group>"; };
		A8EBE7E71CC3C3F900193106 /* YAHURLRequestSerialization.h */ = {isa = PBXFileReference; fileEncoding = 4; lastKnownFileType = sourcecode.c.h; path = YAHURLRequestSerialization.h; sourceTree = "<group>"; };
		A8EBE7E81CC3C3F900193106 /* YAHURLRequestSerialization.m */ = {isa = PBXFileReference; fileEncoding = 4; lastKnownFileType = sourcecode.c.objc; path = YAHURLRequestSerialization.m; sourceTree = "<group>"; };
/* End PBXFileReference section */

/* Begin PBXFrameworksBuildPhase section */
		190CD9741CB3D97C002AE016 /* Frameworks */ = {
			isa = PBXFrameworksBuildPhase;
			buildActionMask = 2147483647;
			files = (
			);
			runOnlyForDeploymentPostprocessing = 0;
		};
		190CD98D1CB3D97C002AE016 /* Frameworks */ = {
			isa = PBXFrameworksBuildPhase;
			buildActionMask = 2147483647;
			files = (
			);
			runOnlyForDeploymentPostprocessing = 0;
		};
		190CD9981CB3D97C002AE016 /* Frameworks */ = {
			isa = PBXFrameworksBuildPhase;
			buildActionMask = 2147483647;
			files = (
			);
			runOnlyForDeploymentPostprocessing = 0;
		};
/* End PBXFrameworksBuildPhase section */

/* Begin PBXGroup section */
		190CD96E1CB3D97C002AE016 = {
			isa = PBXGroup;
			children = (
				190CD9791CB3D97C002AE016 /* Demo */,
				190CD9931CB3D97C002AE016 /* DemoTests */,
				190CD99E1CB3D97D002AE016 /* DemoUITests */,
				190CD9781CB3D97C002AE016 /* Products */,
			);
			sourceTree = "<group>";
		};
		190CD9781CB3D97C002AE016 /* Products */ = {
			isa = PBXGroup;
			children = (
				190CD9771CB3D97C002AE016 /* Demo.app */,
				190CD9901CB3D97C002AE016 /* DemoTests.xctest */,
				190CD99B1CB3D97C002AE016 /* DemoUITests.xctest */,
			);
			name = Products;
			sourceTree = "<group>";
		};
		190CD9791CB3D97C002AE016 /* Demo */ = {
			isa = PBXGroup;
			children = (
				A8EBE7D71CC3C3F900193106 /* YAHModel */,
				190CD97D1CB3D97C002AE016 /* AppDelegate.h */,
				190CD97E1CB3D97C002AE016 /* AppDelegate.m */,
				190CD9801CB3D97C002AE016 /* ViewController.h */,
				190CD9811CB3D97C002AE016 /* ViewController.m */,
				190CD9831CB3D97C002AE016 /* Main.storyboard */,
				190CD9861CB3D97C002AE016 /* Assets.xcassets */,
				190CD9881CB3D97C002AE016 /* LaunchScreen.storyboard */,
				190CD98B1CB3D97C002AE016 /* Info.plist */,
				190CD97A1CB3D97C002AE016 /* Supporting Files */,
				195F6D971CB4F3DD00B76C9F /* TestDataResponseInfo.h */,
				195F6D981CB4F3DD00B76C9F /* TestDataResponseInfo.m */,
				195F6D9A1CB4FA1400B76C9F /* TestModelRequest.h */,
				195F6D9B1CB4FA1400B76C9F /* TestModelRequest.m */,
				195F6D9D1CB4FBA400B76C9F /* MobileModelRequest.h */,
				195F6D9E1CB4FBA400B76C9F /* MobileModelRequest.m */,
				195F6DA31CB5113E00B76C9F /* TestRequestManager.h */,
				195F6DA41CB5113E00B76C9F /* TestRequestManager.m */,
				195F6DA01CB510A100B76C9F /* MobileModel.h */,
				195F6DA11CB510A100B76C9F /* MobileModel.m */,
			);
			path = Demo;
			sourceTree = "<group>";
		};
		190CD97A1CB3D97C002AE016 /* Supporting Files */ = {
			isa = PBXGroup;
			children = (
				190CD97B1CB3D97C002AE016 /* main.m */,
			);
			name = "Supporting Files";
			sourceTree = "<group>";
		};
		190CD9931CB3D97C002AE016 /* DemoTests */ = {
			isa = PBXGroup;
			children = (
				190CD9941CB3D97C002AE016 /* DemoTests.m */,
				190CD9961CB3D97C002AE016 /* Info.plist */,
			);
			path = DemoTests;
			sourceTree = "<group>";
		};
		190CD99E1CB3D97D002AE016 /* DemoUITests */ = {
			isa = PBXGroup;
			children = (
				190CD99F1CB3D97D002AE016 /* DemoUITests.m */,
				190CD9A11CB3D97D002AE016 /* Info.plist */,
			);
			path = DemoUITests;
			sourceTree = "<group>";
		};
		A8EBE7D71CC3C3F900193106 /* YAHModel */ = {
			isa = PBXGroup;
			children = (
				A8EBE7D81CC3C3F900193106 /* YAHActiveObject.h */,
				A8EBE7D91CC3C3F900193106 /* YAHActiveObject.m */,
				A8EBE7DA1CC3C3F900193106 /* YAHDataResponseInfo.h */,
				A8EBE7DB1CC3C3F900193106 /* YAHDataResponseInfo.m */,
				A8EBE7DC1CC3C3F900193106 /* YAHJSONAdapter.h */,
				A8EBE7DD1CC3C3F900193106 /* YAHJSONAdapter.m */,
				A8EBE7DE1CC3C3F900193106 /* YAHModel.h */,
				A8EBE7DF1CC3C3F900193106 /* YAHModel.m */,
				A8EBE7E01CC3C3F900193106 /* YAHModelDefine.h */,
				A8EBE7E11CC3C3F900193106 /* YAHModelRequest.h */,
				A8EBE7E21CC3C3F900193106 /* YAHModelRequest.m */,
				A8EBE7E31CC3C3F900193106 /* YAHNetworkActivityIndicatorManager.h */,
				A8EBE7E41CC3C3F900193106 /* YAHNetworkActivityIndicatorManager.m */,
				A8EBE7E51CC3C3F900193106 /* YAHRequestManager.h */,
				A8EBE7E61CC3C3F900193106 /* YAHRequestManager.m */,
				A8EBE7E71CC3C3F900193106 /* YAHURLRequestSerialization.h */,
				A8EBE7E81CC3C3F900193106 /* YAHURLRequestSerialization.m */,
			);
			path = YAHModel;
			sourceTree = "<group>";
		};
/* End PBXGroup section */

/* Begin PBXNativeTarget section */
		190CD9761CB3D97C002AE016 /* Demo */ = {
			isa = PBXNativeTarget;
			buildConfigurationList = 190CD9A41CB3D97D002AE016 /* Build configuration list for PBXNativeTarget "Demo" */;
			buildPhases = (
				190CD9731CB3D97C002AE016 /* Sources */,
				190CD9741CB3D97C002AE016 /* Frameworks */,
				190CD9751CB3D97C002AE016 /* Resources */,
			);
			buildRules = (
			);
			dependencies = (
			);
			name = Demo;
			productName = Demo;
			productReference = 190CD9771CB3D97C002AE016 /* Demo.app */;
			productType = "com.apple.product-type.application";
		};
		190CD98F1CB3D97C002AE016 /* DemoTests */ = {
			isa = PBXNativeTarget;
			buildConfigurationList = 190CD9A71CB3D97D002AE016 /* Build configuration list for PBXNativeTarget "DemoTests" */;
			buildPhases = (
				190CD98C1CB3D97C002AE016 /* Sources */,
				190CD98D1CB3D97C002AE016 /* Frameworks */,
				190CD98E1CB3D97C002AE016 /* Resources */,
			);
			buildRules = (
			);
			dependencies = (
				190CD9921CB3D97C002AE016 /* PBXTargetDependency */,
			);
			name = DemoTests;
			productName = DemoTests;
			productReference = 190CD9901CB3D97C002AE016 /* DemoTests.xctest */;
			productType = "com.apple.product-type.bundle.unit-test";
		};
		190CD99A1CB3D97C002AE016 /* DemoUITests */ = {
			isa = PBXNativeTarget;
			buildConfigurationList = 190CD9AA1CB3D97D002AE016 /* Build configuration list for PBXNativeTarget "DemoUITests" */;
			buildPhases = (
				190CD9971CB3D97C002AE016 /* Sources */,
				190CD9981CB3D97C002AE016 /* Frameworks */,
				190CD9991CB3D97C002AE016 /* Resources */,
			);
			buildRules = (
			);
			dependencies = (
				190CD99D1CB3D97C002AE016 /* PBXTargetDependency */,
			);
			name = DemoUITests;
			productName = DemoUITests;
			productReference = 190CD99B1CB3D97C002AE016 /* DemoUITests.xctest */;
			productType = "com.apple.product-type.bundle.ui-testing";
		};
/* End PBXNativeTarget section */

/* Begin PBXProject section */
		190CD96F1CB3D97C002AE016 /* Project object */ = {
			isa = PBXProject;
			attributes = {
				LastUpgradeCheck = 0730;
				ORGANIZATIONNAME = wangsw;
				TargetAttributes = {
					190CD9761CB3D97C002AE016 = {
						CreatedOnToolsVersion = 7.3;
					};
					190CD98F1CB3D97C002AE016 = {
						CreatedOnToolsVersion = 7.3;
						TestTargetID = 190CD9761CB3D97C002AE016;
					};
					190CD99A1CB3D97C002AE016 = {
						CreatedOnToolsVersion = 7.3;
						TestTargetID = 190CD9761CB3D97C002AE016;
					};
				};
			};
			buildConfigurationList = 190CD9721CB3D97C002AE016 /* Build configuration list for PBXProject "Demo" */;
			compatibilityVersion = "Xcode 3.2";
			developmentRegion = English;
			hasScannedForEncodings = 0;
			knownRegions = (
				en,
				Base,
			);
			mainGroup = 190CD96E1CB3D97C002AE016;
			productRefGroup = 190CD9781CB3D97C002AE016 /* Products */;
			projectDirPath = "";
			projectRoot = "";
			targets = (
				190CD9761CB3D97C002AE016 /* Demo */,
				190CD98F1CB3D97C002AE016 /* DemoTests */,
				190CD99A1CB3D97C002AE016 /* DemoUITests */,
			);
		};
/* End PBXProject section */

/* Begin PBXResourcesBuildPhase section */
		190CD9751CB3D97C002AE016 /* Resources */ = {
			isa = PBXResourcesBuildPhase;
			buildActionMask = 2147483647;
			files = (
				190CD98A1CB3D97C002AE016 /* LaunchScreen.storyboard in Resources */,
				190CD9871CB3D97C002AE016 /* Assets.xcassets in Resources */,
				190CD9851CB3D97C002AE016 /* Main.storyboard in Resources */,
			);
			runOnlyForDeploymentPostprocessing = 0;
		};
		190CD98E1CB3D97C002AE016 /* Resources */ = {
			isa = PBXResourcesBuildPhase;
			buildActionMask = 2147483647;
			files = (
			);
			runOnlyForDeploymentPostprocessing = 0;
		};
		190CD9991CB3D97C002AE016 /* Resources */ = {
			isa = PBXResourcesBuildPhase;
			buildActionMask = 2147483647;
			files = (
			);
			runOnlyForDeploymentPostprocessing = 0;
		};
/* End PBXResourcesBuildPhase section */

/* Begin PBXSourcesBuildPhase section */
		190CD9731CB3D97C002AE016 /* Sources */ = {
			isa = PBXSourcesBuildPhase;
			buildActionMask = 2147483647;
			files = (
				195F6D9C1CB4FA1400B76C9F /* TestModelRequest.m in Sources */,
				A8EBE7EA1CC3C3F900193106 /* YAHDataResponseInfo.m in Sources */,
				A8EBE7EB1CC3C3F900193106 /* YAHJSONAdapter.m in Sources */,
				A8EBE7F01CC3C3F900193106 /* YAHURLRequestSerialization.m in Sources */,
				195F6DA51CB5113E00B76C9F /* TestRequestManager.m in Sources */,
				A8EBE7EF1CC3C3F900193106 /* YAHRequestManager.m in Sources */,
				A8EBE7EE1CC3C3F900193106 /* YAHNetworkActivityIndicatorManager.m in Sources */,
				A8EBE7EC1CC3C3F900193106 /* YAHModel.m in Sources */,
				190CD9821CB3D97C002AE016 /* ViewController.m in Sources */,
				190CD97F1CB3D97C002AE016 /* AppDelegate.m in Sources */,
				195F6D9F1CB4FBA400B76C9F /* MobileModelRequest.m in Sources */,
				190CD97C1CB3D97C002AE016 /* main.m in Sources */,
				195F6DA21CB510A100B76C9F /* MobileModel.m in Sources */,
				195F6D991CB4F3DD00B76C9F /* TestDataResponseInfo.m in Sources */,
				A8EBE7ED1CC3C3F900193106 /* YAHModelRequest.m in Sources */,
				A8EBE7E91CC3C3F900193106 /* YAHActiveObject.m in Sources */,
			);
			runOnlyForDeploymentPostprocessing = 0;
		};
		190CD98C1CB3D97C002AE016 /* Sources */ = {
			isa = PBXSourcesBuildPhase;
			buildActionMask = 2147483647;
			files = (
				190CD9951CB3D97C002AE016 /* DemoTests.m in Sources */,
			);
			runOnlyForDeploymentPostprocessing = 0;
		};
		190CD9971CB3D97C002AE016 /* Sources */ = {
			isa = PBXSourcesBuildPhase;
			buildActionMask = 2147483647;
			files = (
				190CD9A01CB3D97D002AE016 /* DemoUITests.m in Sources */,
			);
			runOnlyForDeploymentPostprocessing = 0;
		};
/* End PBXSourcesBuildPhase section */

/* Begin PBXTargetDependency section */
		190CD9921CB3D97C002AE016 /* PBXTargetDependency */ = {
			isa = PBXTargetDependency;
			target = 190CD9761CB3D97C002AE016 /* Demo */;
			targetProxy = 190CD9911CB3D97C002AE016 /* PBXContainerItemProxy */;
		};
		190CD99D1CB3D97C002AE016 /* PBXTargetDependency */ = {
			isa = PBXTargetDependency;
			target = 190CD9761CB3D97C002AE016 /* Demo */;
			targetProxy = 190CD99C1CB3D97C002AE016 /* PBXContainerItemProxy */;
		};
/* End PBXTargetDependency section */

/* Begin PBXVariantGroup section */
		190CD9831CB3D97C002AE016 /* Main.storyboard */ = {
			isa = PBXVariantGroup;
			children = (
				190CD9841CB3D97C002AE016 /* Base */,
			);
			name = Main.storyboard;
			sourceTree = "<group>";
		};
		190CD9881CB3D97C002AE016 /* LaunchScreen.storyboard */ = {
			isa = PBXVariantGroup;
			children = (
				190CD9891CB3D97C002AE016 /* Base */,
			);
			name = LaunchScreen.storyboard;
			sourceTree = "<group>";
		};
/* End PBXVariantGroup section */

/* Begin XCBuildConfiguration section */
		190CD9A21CB3D97D002AE016 /* Debug */ = {
			isa = XCBuildConfiguration;
			buildSettings = {
				ALWAYS_SEARCH_USER_PATHS = NO;
				CLANG_ANALYZER_NONNULL = YES;
				CLANG_CXX_LANGUAGE_STANDARD = "gnu++0x";
				CLANG_CXX_LIBRARY = "libc++";
				CLANG_ENABLE_MODULES = YES;
				CLANG_ENABLE_OBJC_ARC = YES;
				CLANG_WARN_BOOL_CONVERSION = YES;
				CLANG_WARN_CONSTANT_CONVERSION = YES;
				CLANG_WARN_DIRECT_OBJC_ISA_USAGE = YES_ERROR;
				CLANG_WARN_EMPTY_BODY = YES;
				CLANG_WARN_ENUM_CONVERSION = YES;
				CLANG_WARN_INT_CONVERSION = YES;
				CLANG_WARN_OBJC_ROOT_CLASS = YES_ERROR;
				CLANG_WARN_UNREACHABLE_CODE = YES;
				CLANG_WARN__DUPLICATE_METHOD_MATCH = YES;
				"CODE_SIGN_IDENTITY[sdk=iphoneos*]" = "iPhone Developer";
				COPY_PHASE_STRIP = NO;
				DEBUG_INFORMATION_FORMAT = dwarf;
				ENABLE_STRICT_OBJC_MSGSEND = YES;
				ENABLE_TESTABILITY = YES;
				GCC_C_LANGUAGE_STANDARD = gnu99;
				GCC_DYNAMIC_NO_PIC = NO;
				GCC_NO_COMMON_BLOCKS = YES;
				GCC_OPTIMIZATION_LEVEL = 0;
				GCC_PREPROCESSOR_DEFINITIONS = (
					"DEBUG=1",
					"$(inherited)",
				);
				GCC_WARN_64_TO_32_BIT_CONVERSION = YES;
				GCC_WARN_ABOUT_RETURN_TYPE = YES_ERROR;
				GCC_WARN_UNDECLARED_SELECTOR = YES;
				GCC_WARN_UNINITIALIZED_AUTOS = YES_AGGRESSIVE;
				GCC_WARN_UNUSED_FUNCTION = YES;
				GCC_WARN_UNUSED_VARIABLE = YES;
				IPHONEOS_DEPLOYMENT_TARGET = 9.3;
				MTL_ENABLE_DEBUG_INFO = YES;
				ONLY_ACTIVE_ARCH = YES;
				SDKROOT = iphoneos;
				TARGETED_DEVICE_FAMILY = "1,2";
			};
			name = Debug;
		};
		190CD9A31CB3D97D002AE016 /* Release */ = {
			isa = XCBuildConfiguration;
			buildSettings = {
				ALWAYS_SEARCH_USER_PATHS = NO;
				CLANG_ANALYZER_NONNULL = YES;
				CLANG_CXX_LANGUAGE_STANDARD = "gnu++0x";
				CLANG_CXX_LIBRARY = "libc++";
				CLANG_ENABLE_MODULES = YES;
				CLANG_ENABLE_OBJC_ARC = YES;
				CLANG_WARN_BOOL_CONVERSION = YES;
				CLANG_WARN_CONSTANT_CONVERSION = YES;
				CLANG_WARN_DIRECT_OBJC_ISA_USAGE = YES_ERROR;
				CLANG_WARN_EMPTY_BODY = YES;
				CLANG_WARN_ENUM_CONVERSION = YES;
				CLANG_WARN_INT_CONVERSION = YES;
				CLANG_WARN_OBJC_ROOT_CLASS = YES_ERROR;
				CLANG_WARN_UNREACHABLE_CODE = YES;
				CLANG_WARN__DUPLICATE_METHOD_MATCH = YES;
				"CODE_SIGN_IDENTITY[sdk=iphoneos*]" = "iPhone Developer";
				COPY_PHASE_STRIP = NO;
				DEBUG_INFORMATION_FORMAT = "dwarf-with-dsym";
				ENABLE_NS_ASSERTIONS = NO;
				ENABLE_STRICT_OBJC_MSGSEND = YES;
				GCC_C_LANGUAGE_STANDARD = gnu99;
				GCC_NO_COMMON_BLOCKS = YES;
				GCC_WARN_64_TO_32_BIT_CONVERSION = YES;
				GCC_WARN_ABOUT_RETURN_TYPE = YES_ERROR;
				GCC_WARN_UNDECLARED_SELECTOR = YES;
				GCC_WARN_UNINITIALIZED_AUTOS = YES_AGGRESSIVE;
				GCC_WARN_UNUSED_FUNCTION = YES;
				GCC_WARN_UNUSED_VARIABLE = YES;
				IPHONEOS_DEPLOYMENT_TARGET = 9.3;
				MTL_ENABLE_DEBUG_INFO = NO;
				SDKROOT = iphoneos;
				TARGETED_DEVICE_FAMILY = "1,2";
				VALIDATE_PRODUCT = YES;
			};
			name = Release;
		};
		190CD9A51CB3D97D002AE016 /* Debug */ = {
			isa = XCBuildConfiguration;
			buildSettings = {
				ASSETCATALOG_COMPILER_APPICON_NAME = AppIcon;
				INFOPLIST_FILE = Demo/Info.plist;
				LD_RUNPATH_SEARCH_PATHS = "$(inherited) @executable_path/Frameworks";
				PRODUCT_BUNDLE_IDENTIFIER = nd.Demo;
				PRODUCT_NAME = "$(TARGET_NAME)";
			};
			name = Debug;
		};
		190CD9A61CB3D97D002AE016 /* Release */ = {
			isa = XCBuildConfiguration;
			buildSettings = {
				ASSETCATALOG_COMPILER_APPICON_NAME = AppIcon;
				INFOPLIST_FILE = Demo/Info.plist;
				LD_RUNPATH_SEARCH_PATHS = "$(inherited) @executable_path/Frameworks";
				PRODUCT_BUNDLE_IDENTIFIER = nd.Demo;
				PRODUCT_NAME = "$(TARGET_NAME)";
			};
			name = Release;
		};
		190CD9A81CB3D97D002AE016 /* Debug */ = {
			isa = XCBuildConfiguration;
			buildSettings = {
				BUNDLE_LOADER = "$(TEST_HOST)";
				INFOPLIST_FILE = DemoTests/Info.plist;
				LD_RUNPATH_SEARCH_PATHS = "$(inherited) @executable_path/Frameworks @loader_path/Frameworks";
				PRODUCT_BUNDLE_IDENTIFIER = nd.DemoTests;
				PRODUCT_NAME = "$(TARGET_NAME)";
				TEST_HOST = "$(BUILT_PRODUCTS_DIR)/Demo.app/Demo";
			};
			name = Debug;
		};
		190CD9A91CB3D97D002AE016 /* Release */ = {
			isa = XCBuildConfiguration;
			buildSettings = {
				BUNDLE_LOADER = "$(TEST_HOST)";
				INFOPLIST_FILE = DemoTests/Info.plist;
				LD_RUNPATH_SEARCH_PATHS = "$(inherited) @executable_path/Frameworks @loader_path/Frameworks";
				PRODUCT_BUNDLE_IDENTIFIER = nd.DemoTests;
				PRODUCT_NAME = "$(TARGET_NAME)";
				TEST_HOST = "$(BUILT_PRODUCTS_DIR)/Demo.app/Demo";
			};
			name = Release;
		};
		190CD9AB1CB3D97D002AE016 /* Debug */ = {
			isa = XCBuildConfiguration;
			buildSettings = {
				INFOPLIST_FILE = DemoUITests/Info.plist;
				LD_RUNPATH_SEARCH_PATHS = "$(inherited) @executable_path/Frameworks @loader_path/Frameworks";
				PRODUCT_BUNDLE_IDENTIFIER = nd.DemoUITests;
				PRODUCT_NAME = "$(TARGET_NAME)";
				TEST_TARGET_NAME = Demo;
			};
			name = Debug;
		};
		190CD9AC1CB3D97D002AE016 /* Release */ = {
			isa = XCBuildConfiguration;
			buildSettings = {
				INFOPLIST_FILE = DemoUITests/Info.plist;
				LD_RUNPATH_SEARCH_PATHS = "$(inherited) @executable_path/Frameworks @loader_path/Frameworks";
				PRODUCT_BUNDLE_IDENTIFIER = nd.DemoUITests;
				PRODUCT_NAME = "$(TARGET_NAME)";
				TEST_TARGET_NAME = Demo;
			};
			name = Release;
		};
/* End XCBuildConfiguration section */

/* Begin XCConfigurationList section */
		190CD9721CB3D97C002AE016 /* Build configuration list for PBXProject "Demo" */ = {
			isa = XCConfigurationList;
			buildConfigurations = (
				190CD9A21CB3D97D002AE016 /* Debug */,
				190CD9A31CB3D97D002AE016 /* Release */,
			);
			defaultConfigurationIsVisible = 0;
			defaultConfigurationName = Release;
		};
		190CD9A41CB3D97D002AE016 /* Build configuration list for PBXNativeTarget "Demo" */ = {
			isa = XCConfigurationList;
			buildConfigurations = (
				190CD9A51CB3D97D002AE016 /* Debug */,
				190CD9A61CB3D97D002AE016 /* Release */,
			);
			defaultConfigurationIsVisible = 0;
			defaultConfigurationName = Release;
		};
		190CD9A71CB3D97D002AE016 /* Build configuration list for PBXNativeTarget "DemoTests" */ = {
			isa = XCConfigurationList;
			buildConfigurations = (
				190CD9A81CB3D97D002AE016 /* Debug */,
				190CD9A91CB3D97D002AE016 /* Release */,
			);
			defaultConfigurationIsVisible = 0;
			defaultConfigurationName = Release;
		};
		190CD9AA1CB3D97D002AE016 /* Build configuration list for PBXNativeTarget "DemoUITests" */ = {
			isa = XCConfigurationList;
			buildConfigurations = (
				190CD9AB1CB3D97D002AE016 /* Debug */,
				190CD9AC1CB3D97D002AE016 /* Release */,
			);
			defaultConfigurationIsVisible = 0;
			defaultConfigurationName = Release;
		};
/* End XCConfigurationList section */
	};
	rootObject = 190CD96F1CB3D97C002AE016 /* Project object */;
}
